
Microsoft Visual Studio Solution File, Format Version 12.00
# Visual Studio 15
VisualStudioVersion = 15.0.28307.168
MinimumVisualStudioVersion = 10.0.40219.1
Project("{FAE04EC0-301F-11D3-BF4B-00C04F79EFBC}") = "WebCaptchaTest", "WebCaptchaTest\WebCaptchaTest.csproj", "{CDE36CC6-1BA5-47BC-9A6A-D3BDE924F22C}"
EndProject
Project("{FAE04EC0-301F-11D3-BF4B-00C04F79EFBC}") = "Pigi.Captcha", "Pigi.Captcha\Pigi.Captcha.csproj", "{FF413E80-A0B0-42CB-9A97-977EFC416137}"
EndProject
Global
	GlobalSection(SolutionConfigurationPlatforms) = preSolution
		Debug|Any CPU = Debug|Any CPU
		Release|Any CPU = Release|Any CPU
	EndGlobalSection
	GlobalSection(ProjectConfigurationPlatforms) = postSolution
		{CDE36CC6-1BA5-47BC-9A6A-D3BDE924F22C}.Debug|Any CPU.ActiveCfg = Debug|Any CPU
		{CDE36CC6-1BA5-47BC-9A6A-D3BDE924F22C}.Debug|Any CPU.Build.0 = Debug|Any CPU
		{CDE36CC6-1BA5-47BC-9A6A-D3BDE924F22C}.Release|Any CPU.ActiveCfg = Release|Any CPU
		{CDE36CC6-1BA5-47BC-9A6A-D3BDE924F22C}.Release|Any CPU.Build.0 = Release|Any CPU
		{FF413E80-A0B0-42CB-9A97-977EFC416137}.Debug|Any CPU.ActiveCfg = Debug|Any CPU
		{FF413E80-A0B0-42CB-9A97-977EFC416137}.Debug|Any CPU.Build.0 = Debug|Any CPU
		{FF413E80-A0B0-42CB-9A97-977EFC416137}.Release|Any CPU.ActiveCfg = Release|Any CPU
		{FF413E80-A0B0-42CB-9A97-977EFC416137}.Release|Any CPU.Build.0 = Release|Any CPU
	EndGlobalSection
	GlobalSection(SolutionProperties) = preSolution
		HideSolutionNode = FALSE
	EndGlobalSection
	GlobalSection(ExtensibilityGlobals) = postSolution
		SolutionGuid = {5C6FF7C0-884E-4C03-91D3-EC06456EBEFB}
	EndGlobalSection
EndGlobal
